
Microsoft Visual Studio Solution File, Format Version 12.00
# Visual Studio Version 17
VisualStudioVersion = 17.12.35707.178 d17.12
MinimumVisualStudioVersion = 10.0.40219.1
Project("{FAE04EC0-301F-11D3-BF4B-00C04F79EFBC}") = "RepairShopManagementAPIApp", "RepairShopManagementAPIApp\RepairShopManagementAPIApp.csproj", "{D0AC6A02-76A8-46B0-BA79-8BFCF68E7C9A}"
EndProject
Global
	GlobalSection(SolutionConfigurationPlatforms) = preSolution
		Debug|Any CPU = Debug|Any CPU
		Release|Any CPU = Release|Any CPU
	EndGlobalSection
	GlobalSection(ProjectConfigurationPlatforms) = postSolution
		{D0AC6A02-76A8-46B0-BA79-8BFCF68E7C9A}.Debug|Any CPU.ActiveCfg = Debug|Any CPU
		{D0AC6A02-76A8-46B0-BA79-8BFCF68E7C9A}.Debug|Any CPU.Build.0 = Debug|Any CPU
		{D0AC6A02-76A8-46B0-BA79-8BFCF68E7C9A}.Release|Any CPU.ActiveCfg = Release|Any CPU
		{D0AC6A02-76A8-46B0-BA79-8BFCF68E7C9A}.Release|Any CPU.Build.0 = Release|Any CPU
	EndGlobalSection
	GlobalSection(SolutionProperties) = preSolution
		HideSolutionNode = FALSE
	EndGlobalSection
EndGlobal
